Microsoft Visual Studio Solution File, Format Version 12.00
# Visual Studio Version 17
VisualStudioVersion = 17.5.2.0
MinimumVisualStudioVersion = 10.0.40219.1
Project("{FAE04EC0-301F-11D3-BF4B-00C04F79EFBC}") = "AllSpecPlugin", "AllSpecPlugin.csproj", "{59E9CE95-6BBF-D825-5515-EA5E2BB1FF84}"
EndProject
Global
	GlobalSection(SolutionConfigurationPlatforms) = preSolution
		Debug|Any CPU = Debug|Any CPU
		Release|Any CPU = Release|Any CPU
	EndGlobalSection
	GlobalSection(ProjectConfigurationPlatforms) = postSolution
		{59E9CE95-6BBF-D825-5515-EA5E2BB1FF84}.Debug|Any CPU.ActiveCfg = Debug|Any CPU
		{59E9CE95-6BBF-D825-5515-EA5E2BB1FF84}.Debug|Any CPU.Build.0 = Debug|Any CPU
		{59E9CE95-6BBF-D825-5515-EA5E2BB1FF84}.Release|Any CPU.ActiveCfg = Release|Any CPU
		{59E9CE95-6BBF-D825-5515-EA5E2BB1FF84}.Release|Any CPU.Build.0 = Release|Any CPU
	EndGlobalSection
	GlobalSection(SolutionProperties) = preSolution
		HideSolutionNode = FALSE
	EndGlobalSection
	GlobalSection(ExtensibilityGlobals) = postSolution
		SolutionGuid = {FBBF632E-A65B-4D21-98EC-D2445B6470AB}
	EndGlobalSection
EndGlobal
